<?xml version='1.0' encoding='utf-8'?>
<Project xmlns="http://schemas.microsoft.com/developer/msbuild/2003" ToolsVersion="4.0"><ItemGroup /><ItemGroup><ClCompile Include="App\Application.cpp" /><ClCompile Include="App\Render.cpp" /><ClCompile Include="App\WindowProc.cpp" /><ClCompile Include="Features\ConfigSystem.cpp" /><ClCompile Include="Pages\ProfilePage.cpp" /><ClCompile Include="Pages\SettingsPage.cpp" /><ClCompile Include="Pages\VisualsPage.cpp" /><ClCompile Include="Rendering\Renderer.cpp" /><ClCompile Include="UI\Controls.cpp" /><ClCompile Include="User\CustomPage.cpp" /><ClCompile Include="User\UserLogic.cpp" /><ClCompile Include="main.cpp" /></ItemGroup><ItemGroup><ClInclude Include="CharacterPreviewMesh.h" /><ClInclude Include="Core\App.h" /><ClInclude Include="Core\Types.h" /><ClInclude Include="User\UserLogic.h" /></ItemGroup></Project>